<?xml version="1.0" encoding="UTF-8" standalone="yes" ?>
<CodeBlocks_project_file>
	<FileVersion major="1" minor="6" />
	<Project>
		<Option title="ExampleChat" />
		<Option pch_mode="2" />
		<Option compiler="gcc" />
		<Build>
			<Target title="Release">
				<Option output="build/ExampleChat" prefix_auto="1" extension_auto="1" />
				<Option object_output="bin/" />
				<Option type="1" />
				<Option compiler="gcc" />
				<Compiler>
					<Add option="-std=c++11" />
					<Add option="-g" />
					<Add directory="include" />
				</Compiler>
				<Linker>
					<Add option="-lGameNetworkingSockets.dll" />
				</Linker>
			</Target>
		</Build>
		<Compiler>
			<Add option="-Wall" />
		</Compiler>
		<Unit filename="include/ChatClient.h" />
		<Unit filename="include/ChatCommon.h" />
		<Unit filename="include/ChatServer.h" />
		<Unit filename="include/LocalUserInput.h" />
		<Unit filename="main.cpp" />
		<Unit filename="src/ChatClient.cpp" />
		<Unit filename="src/ChatCommon.cpp" />
		<Unit filename="src/ChatServer.cpp" />
		<Unit filename="src/LocalUserInput.cpp" />
		<Extensions>
			<code_completion />
			<envvars />
			<debugger />
			<lib_finder disable_auto="1" />
		</Extensions>
	</Project>
</CodeBlocks_project_file>
